// !$*UTF8*$!
{
	archiveVersion = 1;
	classes = {
	};
	objectVersion = 50;
	objects = {

/* Begin PBXBuildFile section */
		18FED35921C37EFE005B85F3 /* AppDelegate.swift in Sources */ = {isa = PBXBuildFile; fileRef = 18FED35821C37EFE005B85F3 /* AppDelegate.swift */; };
		18FED35B21C37EFE005B85F3 /* ViewController.swift in Sources */ = {isa = PBXBuildFile; fileRef = 18FED35A21C37EFE005B85F3 /* ViewController.swift */; };
		18FED35E21C37EFE005B85F3 /* Main.storyboard in Resources */ = {isa = PBXBuildFile; fileRef = 18FED35C21C37EFE005B85F3 /* Main.storyboard */; };
		18FED36021C37F00005B85F3 /* Assets.xcassets in Resources */ = {isa = PBXBuildFile; fileRef = 18FED35F21C37F00005B85F3 /* Assets.xcassets */; };
		18FED36321C37F00005B85F3 /* LaunchScreen.storyboard in Resources */ = {isa = PBXBuildFile; fileRef = 18FED36121C37F00005B85F3 /* LaunchScreen.storyboard */; };
		18FED36E21C37F00005B85F3 /* WebPageTests.swift in Sources */ = {isa = PBXBuildFile; fileRef = 18FED36D21C37F00005B85F3 /* WebPageTests.swift */; };
		18FED37921C37F00005B85F3 /* WebPageUITests.swift in Sources */ = {isa = PBXBuildFile; fileRef = 18FED37821C37F00005B85F3 /* WebPageUITests.swift */; };
/* End PBXBuildFile section */

/* Begin PBXContainerItemProxy section */
		18FED36A21C37F00005B85F3 /* PBXContainerItemProxy */ = {
			isa = PBXContainerItemProxy;
			containerPortal = 18FED34D21C37EFE005B85F3 /* Project object */;
			proxyType = 1;
			remoteGlobalIDString = 18FED35421C37EFE005B85F3;
			remoteInfo = WebPage;
		};
		18FED37521C37F00005B85F3 /* PBXContainerItemProxy */ = {
			isa = PBXContainerItemProxy;
			containerPortal = 18FED34D21C37EFE005B85F3 /* Project object */;
			proxyType = 1;
			remoteGlobalIDString = 18FED35421C37EFE005B85F3;
			remoteInfo = WebPage;
		};
/* End PBXContainerItemProxy section */

/* Begin PBXFileReference section */
		18FED35521C37EFE005B85F3 /* WebPage.app */ = {isa = PBXFileReference; explicitFileType = wrapper.application; includeInIndex = 0; path = WebPage.app; sourceTree = BUILT_PRODUCTS_DIR; };
		18FED35821C37EFE005B85F3 /* AppDelegate.swift */ = {isa = PBXFileReference; lastKnownFileType = sourcecode.swift; path = AppDelegate.swift; sourceTree = "<group>"; };
		18FED35A21C37EFE005B85F3 /* ViewController.swift */ = {isa = PBXFileReference; lastKnownFileType = sourcecode.swift; path = ViewController.swift; sourceTree = "<group>"; };
		18FED35D21C37EFE005B85F3 /* Base */ = {isa = PBXFileReference; lastKnownFileType = file.storyboard; name = Base; path = Base.lproj/Main.storyboard; sourceTree = "<group>"; };
		18FED35F21C37F00005B85F3 /* Assets.xcassets */ = {isa = PBXFileReference; lastKnownFileType = folder.assetcatalog; path = Assets.xcassets; sourceTree = "<group>"; };
		18FED36221C37F00005B85F3 /* Base */ = {isa = PBXFileReference; lastKnownFileType = file.storyboard; name = Base; path = Base.lproj/LaunchScreen.storyboard; sourceTree = "<group>"; };
		18FED36421C37F00005B85F3 /* Info.plist */ = {isa = PBXFileReference; lastKnownFileType = text.plist.xml; path = Info.plist; sourceTree = "<group>"; };
		18FED36921C37F00005B85F3 /* WebPageTests.xctest */ = {isa = PBXFileReference; explicitFileType = wrapper.cfbundle; includeInIndex = 0; path = WebPageTests.xctest; sourceTree = BUILT_PRODUCTS_DIR; };
		18FED36D21C37F00005B85F3 /* WebPageTests.swift */ = {isa = PBXFileReference; lastKnownFileType = sourcecode.swift; path = WebPageTests.swift; sourceTree = "<group>"; };
		18FED36F21C37F00005B85F3 /* Info.plist */ = {isa = PBXFileReference; lastKnownFileType = text.plist.xml; path = Info.plist; sourceTree = "<group>"; };
		18FED37421C37F00005B85F3 /* WebPageUITests.xctest */ = {isa = PBXFileReference; explicitFileType = wrapper.cfbundle; includeInIndex = 0; path = WebPageUITests.xctest; sourceTree = BUILT_PRODUCTS_DIR; };
		18FED37821C37F00005B85F3 /* WebPageUITests.swift */ = {isa = PBXFileReference; lastKnownFileType = sourcecode.swift; path = WebPageUITests.swift; sourceTree = "<group>"; };
		18FED37A21C37F00005B85F3 /* Info.plist */ = {isa = PBXFileReference; lastKnownFileType = text.plist.xml; path = Info.plist; sourceTree = "<group>"; };
/* End PBXFileReference section */

/* Begin PBXFrameworksBuildPhase section */
		18FED35221C37EFE005B85F3 /* Frameworks */ = {
			isa = PBXFrameworksBuildPhase;
			buildActionMask = 2147483647;
			files = (
			);
			runOnlyForDeploymentPostprocessing = 0;
		};
		18FED36621C37F00005B85F3 /* Frameworks */ = {
			isa = PBXFrameworksBuildPhase;
			buildActionMask = 2147483647;
			files = (
			);
			runOnlyForDeploymentPostprocessing = 0;
		};
		18FED37121C37F00005B85F3 /* Frameworks */ = {
			isa = PBXFrameworksBuildPhase;
			buildActionMask = 2147483647;
			files = (
			);
			runOnlyForDeploymentPostprocessing = 0;
		};
/* End PBXFrameworksBuildPhase section */

/* Begin PBXGroup section */
		18FED34C21C37EFE005B85F3 = {
			isa = PBXGroup;
			children = (
				18FED35721C37EFE005B85F3 /* WebPage */,
				18FED36C21C37F00005B85F3 /* WebPageTests */,
				18FED37721C37F00005B85F3 /* WebPageUITests */,
				18FED35621C37EFE005B85F3 /* Products */,
			);
			sourceTree = "<group>";
		};
		18FED35621C37EFE005B85F3 /* Products */ = {
			isa = PBXGroup;
			children = (
				18FED35521C37EFE005B85F3 /* WebPage.app */,
				18FED36921C37F00005B85F3 /* WebPageTests.xctest */,
				18FED37421C37F00005B85F3 /* WebPageUITests.xctest */,
			);
			name = Products;
			sourceTree = "<group>";
		};
		18FED35721C37EFE005B85F3 /* WebPage */ = {
			isa = PBXGroup;
			children = (
				18FED35821C37EFE005B85F3 /* AppDelegate.swift */,
				18FED35A21C37EFE005B85F3 /* ViewController.swift */,
				18FED35C21C37EFE005B85F3 /* Main.storyboard */,
				18FED35F21C37F00005B85F3 /* Assets.xcassets */,
				18FED36121C37F00005B85F3 /* LaunchScreen.storyboard */,
				18FED36421C37F00005B85F3 /* Info.plist */,
			);
			path = WebPage;
			sourceTree = "<group>";
		};
		18FED36C21C37F00005B85F3 /* WebPageTests */ = {
			isa = PBXGroup;
			children = (
				18FED36D21C37F00005B85F3 /* WebPageTests.swift */,
				18FED36F21C37F00005B85F3 /* Info.plist */,
			);
			path = WebPageTests;
			sourceTree = "<group>";
		};
		18FED37721C37F00005B85F3 /* WebPageUITests */ = {
			isa = PBXGroup;
			children = (
				18FED37821C37F00005B85F3 /* WebPageUITests.swift */,
				18FED37A21C37F00005B85F3 /* Info.plist */,
			);
			path = WebPageUITests;
			sourceTree = "<group>";
		};
/* End PBXGroup section */

/* Begin PBXNativeTarget section */
		18FED35421C37EFE005B85F3 /* WebPage */ = {
			isa = PBXNativeTarget;
			buildConfigurationList = 18FED37D21C37F00005B85F3 /* Build configuration list for PBXNativeTarget "WebPage" */;
			buildPhases = (
				18FED35121C37EFE005B85F3 /* Sources */,
				18FED35221C37EFE005B85F3 /* Frameworks */,
				18FED35321C37EFE005B85F3 /* Resources */,
			);
			buildRules = (
			);
			dependencies = (
			);
			name = WebPage;
			productName = WebPage;
			productReference = 18FED35521C37EFE005B85F3 /* WebPage.app */;
			productType = "com.apple.product-type.application";
		};
		18FED36821C37F00005B85F3 /* WebPageTests */ = {
			isa = PBXNativeTarget;
			buildConfigurationList = 18FED38021C37F00005B85F3 /* Build configuration list for PBXNativeTarget "WebPageTests" */;
			buildPhases = (
				18FED36521C37F00005B85F3 /* Sources */,
				18FED36621C37F00005B85F3 /* Frameworks */,
				18FED36721C37F00005B85F3 /* Resources */,
			);
			buildRules = (
			);
			dependencies = (
				18FED36B21C37F00005B85F3 /* PBXTargetDependency */,
			);
			name = WebPageTests;
			productName = WebPageTests;
			productReference = 18FED36921C37F00005B85F3 /* WebPageTests.xctest */;
			productType = "com.apple.product-type.bundle.unit-test";
		};
		18FED37321C37F00005B85F3 /* WebPageUITests */ = {
			isa = PBXNativeTarget;
			buildConfigurationList = 18FED38321C37F00005B85F3 /* Build configuration list for PBXNativeTarget "WebPageUITests" */;
			buildPhases = (
				18FED37021C37F00005B85F3 /* Sources */,
				18FED37121C37F00005B85F3 /* Frameworks */,
				18FED37221C37F00005B85F3 /* Resources */,
			);
			buildRules = (
			);
			dependencies = (
				18FED37621C37F00005B85F3 /* PBXTargetDependency */,
			);
			name = WebPageUITests;
			productName = WebPageUITests;
			productReference = 18FED37421C37F00005B85F3 /* WebPageUITests.xctest */;
			productType = "com.apple.product-type.bundle.ui-testing";
		};
/* End PBXNativeTarget section */

/* Begin PBXProject section */
		18FED34D21C37EFE005B85F3 /* Project object */ = {
			isa = PBXProject;
			attributes = {
				LastSwiftUpdateCheck = 1010;
				LastUpgradeCheck = 1010;
				ORGANIZATIONNAME = Seraphic;
				TargetAttributes = {
					18FED35421C37EFE005B85F3 = {
						CreatedOnToolsVersion = 10.1;
					};
					18FED36821C37F00005B85F3 = {
						CreatedOnToolsVersion = 10.1;
						TestTargetID = 18FED35421C37EFE005B85F3;
					};
					18FED37321C37F00005B85F3 = {
						CreatedOnToolsVersion = 10.1;
						TestTargetID = 18FED35421C37EFE005B85F3;
					};
				};
			};
			buildConfigurationList = 18FED35021C37EFE005B85F3 /* Build configuration list for PBXProject "WebPage" */;
			compatibilityVersion = "Xcode 9.3";
			developmentRegion = en;
			hasScannedForEncodings = 0;
			knownRegions = (
				en,
				Base,
			);
			mainGroup = 18FED34C21C37EFE005B85F3;
			productRefGroup = 18FED35621C37EFE005B85F3 /* Products */;
			projectDirPath = "";
			projectRoot = "";
			targets = (
				18FED35421C37EFE005B85F3 /* WebPage */,
				18FED36821C37F00005B85F3 /* WebPageTests */,
				18FED37321C37F00005B85F3 /* WebPageUITests */,
			);
		};
/* End PBXProject section */

/* Begin PBXResourcesBuildPhase section */
		18FED35321C37EFE005B85F3 /* Resources */ = {
			isa = PBXResourcesBuildPhase;
			buildActionMask = 2147483647;
			files = (
				18FED36321C37F00005B85F3 /* LaunchScreen.storyboard in Resources */,
				18FED36021C37F00005B85F3 /* Assets.xcassets in Resources */,
				18FED35E21C37EFE005B85F3 /* Main.storyboard in Resources */,
			);
			runOnlyForDeploymentPostprocessing = 0;
		};
		18FED36721C37F00005B85F3 /* Resources */ = {
			isa = PBXResourcesBuildPhase;
			buildActionMask = 2147483647;
			files = (
			);
			runOnlyForDeploymentPostprocessing = 0;
		};
		18FED37221C37F00005B85F3 /* Resources */ = {
			isa = PBXResourcesBuildPhase;
			buildActionMask = 2147483647;
			files = (
			);
			runOnlyForDeploymentPostprocessing = 0;
		};
/* End PBXResourcesBuildPhase section */

/* Begin PBXSourcesBuildPhase section */
		18FED35121C37EFE005B85F3 /* Sources */ = {
			isa = PBXSourcesBuildPhase;
			buildActionMask = 2147483647;
			files = (
				18FED35B21C37EFE005B85F3 /* ViewController.swift in Sources */,
				18FED35921C37EFE005B85F3 /* AppDelegate.swift in Sources */,
			);
			runOnlyForDeploymentPostprocessing = 0;
		};
		18FED36521C37F00005B85F3 /* Sources */ = {
			isa = PBXSourcesBuildPhase;
			buildActionMask = 2147483647;
			files = (
				18FED36E21C37F00005B85F3 /* WebPageTests.swift in Sources */,
			);
			runOnlyForDeploymentPostprocessing = 0;
		};
		18FED37021C37F00005B85F3 /* Sources */ = {
			isa = PBXSourcesBuildPhase;
			buildActionMask = 2147483647;
			files = (
				18FED37921C37F00005B85F3 /* WebPageUITests.swift in Sources */,
			);
			runOnlyForDeploymentPostprocessing = 0;
		};
/* End PBXSourcesBuildPhase section */

/* Begin PBXTargetDependency section */
		18FED36B21C37F00005B85F3 /* PBXTargetDependency */ = {
			isa = PBXTargetDependency;
			target = 18FED35421C37EFE005B85F3 /* WebPage */;
			targetProxy = 18FED36A21C37F00005B85F3 /* PBXContainerItemProxy */;
		};
		18FED37621C37F00005B85F3 /* PBXTargetDependency */ = {
			isa = PBXTargetDependency;
			target = 18FED35421C37EFE005B85F3 /* WebPage */;
			targetProxy = 18FED37521C37F00005B85F3 /* PBXContainerItemProxy */;
		};
/* End PBXTargetDependency section */

/* Begin PBXVariantGroup section */
		18FED35C21C37EFE005B85F3 /* Main.storyboard */ = {
			isa = PBXVariantGroup;
			children = (
				18FED35D21C37EFE005B85F3 /* Base */,
			);
			name = Main.storyboard;
			sourceTree = "<group>";
		};
		18FED36121C37F00005B85F3 /* LaunchScreen.storyboard */ = {
			isa = PBXVariantGroup;
			children = (
				18FED36221C37F00005B85F3 /* Base */,
			);
			name = LaunchScreen.storyboard;
			sourceTree = "<group>";
		};
/* End PBXVariantGroup section */

/* Begin XCBuildConfiguration section */
		18FED37B21C37F00005B85F3 /* Debug */ = {
			isa = XCBuildConfiguration;
			buildSettings = {
				ALWAYS_SEARCH_USER_PATHS = NO;
				CLANG_ANALYZER_NONNULL = YES;
				CLANG_ANALYZER_NUMBER_OBJECT_CONVERSION = YES_AGGRESSIVE;
				CLANG_CXX_LANGUAGE_STANDARD = "gnu++14";
				CLANG_CXX_LIBRARY = "libc++";
				CLANG_ENABLE_MODULES = YES;
				CLANG_ENABLE_OBJC_ARC = YES;
				CLANG_ENABLE_OBJC_WEAK = YES;
				CLANG_WARN_BLOCK_CAPTURE_AUTORELEASING = YES;
				CLANG_WARN_BOOL_CONVERSION = YES;
				CLANG_WARN_COMMA = YES;
				CLANG_WARN_CONSTANT_CONVERSION = YES;
				CLANG_WARN_DEPRECATED_OBJC_IMPLEMENTATIONS = YES;
				CLANG_WARN_DIRECT_OBJC_ISA_USAGE = YES_ERROR;
				CLANG_WARN_DOCUMENTATION_COMMENTS = YES;
				CLANG_WARN_EMPTY_BODY = YES;
				CLANG_WARN_ENUM_CONVERSION = YES;
				CLANG_WARN_INFINITE_RECURSION = YES;
				CLANG_WARN_INT_CONVERSION = YES;
				CLANG_WARN_NON_LITERAL_NULL_CONVERSION = YES;
				CLANG_WARN_OBJC_IMPLICIT_RETAIN_SELF = YES;
				CLANG_WARN_OBJC_LITERAL_CONVERSION = YES;
				CLANG_WARN_OBJC_ROOT_CLASS = YES_ERROR;
				CLANG_WARN_RANGE_LOOP_ANALYSIS = YES;
				CLANG_WARN_STRICT_PROTOTYPES = YES;
				CLANG_WARN_SUSPICIOUS_MOVE = YES;
				CLANG_WARN_UNGUARDED_AVAILABILITY = YES_AGGRESSIVE;
				CLANG_WARN_UNREACHABLE_CODE = YES;
				CLANG_WARN__DUPLICATE_METHOD_MATCH = YES;
				CODE_SIGN_IDENTITY = "iPhone Developer";
				COPY_PHASE_STRIP = NO;
				DEBUG_INFORMATION_FORMAT = dwarf;
				ENABLE_STRICT_OBJC_MSGSEND = YES;
				ENABLE_TESTABILITY = YES;
				GCC_C_LANGUAGE_STANDARD = gnu11;
				GCC_DYNAMIC_NO_PIC = NO;
				GCC_NO_COMMON_BLOCKS = YES;
				GCC_OPTIMIZATION_LEVEL = 0;
				GCC_PREPROCESSOR_DEFINITIONS = (
					"DEBUG=1",
					"$(inherited)",
				);
				GCC_WARN_64_TO_32_BIT_CONVERSION = YES;
				GCC_WARN_ABOUT_RETURN_TYPE = YES_ERROR;
				GCC_WARN_UNDECLARED_SELECTOR = YES;
				GCC_WARN_UNINITIALIZED_AUTOS = YES_AGGRESSIVE;
				GCC_WARN_UNUSED_FUNCTION = YES;
				GCC_WARN_UNUSED_VARIABLE = YES;
				IPHONEOS_DEPLOYMENT_TARGET = 12.1;
				MTL_ENABLE_DEBUG_INFO = INCLUDE_SOURCE;
				MTL_FAST_MATH = YES;
				ONLY_ACTIVE_ARCH = YES;
				SDKROOT = iphoneos;
				SWIFT_ACTIVE_COMPILATION_CONDITIONS = DEBUG;
				SWIFT_OPTIMIZATION_LEVEL = "-Onone";
			};
			name = Debug;
		};
		18FED37C21C37F00005B85F3 /* Release */ = {
			isa = XCBuildConfiguration;
			buildSettings = {
				ALWAYS_SEARCH_USER_PATHS = NO;
				CLANG_ANALYZER_NONNULL = YES;
				CLANG_ANALYZER_NUMBER_OBJECT_CONVERSION = YES_AGGRESSIVE;
				CLANG_CXX_LANGUAGE_STANDARD = "gnu++14";
				CLANG_CXX_LIBRARY = "libc++";
				CLANG_ENABLE_MODULES = YES;
				CLANG_ENABLE_OBJC_ARC = YES;
				CLANG_ENABLE_OBJC_WEAK = YES;
				CLANG_WARN_BLOCK_CAPTURE_AUTORELEASING = YES;
				CLANG_WARN_BOOL_CONVERSION = YES;
				CLANG_WARN_COMMA = YES;
				CLANG_WARN_CONSTANT_CONVERSION = YES;
				CLANG_WARN_DEPRECATED_OBJC_IMPLEMENTATIONS = YES;
				CLANG_WARN_DIRECT_OBJC_ISA_USAGE = YES_ERROR;
				CLANG_WARN_DOCUMENTATION_COMMENTS = YES;
				CLANG_WARN_EMPTY_BODY = YES;
				CLANG_WARN_ENUM_CONVERSION = YES;
				CLANG_WARN_INFINITE_RECURSION = YES;
				CLANG_WARN_INT_CONVERSION = YES;
				CLANG_WARN_NON_LITERAL_NULL_CONVERSION = YES;
				CLANG_WARN_OBJC_IMPLICIT_RETAIN_SELF = YES;
				CLANG_WARN_OBJC_LITERAL_CONVERSION = YES;
				CLANG_WARN_OBJC_ROOT_CLASS = YES_ERROR;
				CLANG_WARN_RANGE_LOOP_ANALYSIS = YES;
				CLANG_WARN_STRICT_PROTOTYPES = YES;
				CLANG_WARN_SUSPICIOUS_MOVE = YES;
				CLANG_WARN_UNGUARDED_AVAILABILITY = YES_AGGRESSIVE;
				CLANG_WARN_UNREACHABLE_CODE = YES;
				CLANG_WARN__DUPLICATE_METHOD_MATCH = YES;
				CODE_SIGN_IDENTITY = "iPhone Developer";
				COPY_PHASE_STRIP = NO;
				DEBUG_INFORMATION_FORMAT = "dwarf-with-dsym";
				ENABLE_NS_ASSERTIONS = NO;
				ENABLE_STRICT_OBJC_MSGSEND = YES;
				GCC_C_LANGUAGE_STANDARD = gnu11;
				GCC_NO_COMMON_BLOCKS = YES;
				GCC_WARN_64_TO_32_BIT_CONVERSION = YES;
				GCC_WARN_ABOUT_RETURN_TYPE = YES_ERROR;
				GCC_WARN_UNDECLARED_SELECTOR = YES;
				GCC_WARN_UNINITIALIZED_AUTOS = YES_AGGRESSIVE;
				GCC_WARN_UNUSED_FUNCTION = YES;
				GCC_WARN_UNUSED_VARIABLE = YES;
				IPHONEOS_DEPLOYMENT_TARGET = 12.1;
				MTL_ENABLE_DEBUG_INFO = NO;
				MTL_FAST_MATH = YES;
				SDKROOT = iphoneos;
				SWIFT_COMPILATION_MODE = wholemodule;
				SWIFT_OPTIMIZATION_LEVEL = "-O";
				VALIDATE_PRODUCT = YES;
			};
			name = Release;
		};
		18FED37E21C37F00005B85F3 /* Debug */ = {
			isa = XCBuildConfiguration;
			buildSettings = {
				ASSETCATALOG_COMPILER_APPICON_NAME = AppIcon;
				CODE_SIGN_STYLE = Automatic;
				DEVELOPMENT_TEAM = KFR6RWC37Z;
				INFOPLIST_FILE = WebPage/Info.plist;
				LD_RUNPATH_SEARCH_PATHS = (
					"$(inherited)",
					"@executable_path/Frameworks",
				);
				PRODUCT_BUNDLE_IDENTIFIER = Seraphic.WebPage;
				PRODUCT_NAME = "$(TARGET_NAME)";
				SWIFT_VERSION = 4.2;
				TARGETED_DEVICE_FAMILY = "1,2";
			};
			name = Debug;
		};
		18FED37F21C37F00005B85F3 /* Release */ = {
			isa = XCBuildConfiguration;
			buildSettings = {
				ASSETCATALOG_COMPILER_APPICON_NAME = AppIcon;
				CODE_SIGN_STYLE = Automatic;
				DEVELOPMENT_TEAM = KFR6RWC37Z;
				INFOPLIST_FILE = WebPage/Info.plist;
				LD_RUNPATH_SEARCH_PATHS = (
					"$(inherited)",
					"@executable_path/Frameworks",
				);
				PRODUCT_BUNDLE_IDENTIFIER = Seraphic.WebPage;
				PRODUCT_NAME = "$(TARGET_NAME)";
				SWIFT_VERSION = 4.2;
				TARGETED_DEVICE_FAMILY = "1,2";
			};
			name = Release;
		};
		18FED38121C37F00005B85F3 /* Debug */ = {
			isa = XCBuildConfiguration;
			buildSettings = {
				ALWAYS_EMBED_SWIFT_STANDARD_LIBRARIES = YES;
				BUNDLE_LOADER = "$(TEST_HOST)";
				CODE_SIGN_STYLE = Automatic;
				DEVELOPMENT_TEAM = KFR6RWC37Z;
				INFOPLIST_FILE = WebPageTests/Info.plist;
				LD_RUNPATH_SEARCH_PATHS = (
					"$(inherited)",
					"@executable_path/Frameworks",
					"@loader_path/Frameworks",
				);
				PRODUCT_BUNDLE_IDENTIFIER = Seraphic.WebPageTests;
				PRODUCT_NAME = "$(TARGET_NAME)";
				SWIFT_VERSION = 4.2;
				TARGETED_DEVICE_FAMILY = "1,2";
				TEST_HOST = "$(BUILT_PRODUCTS_DIR)/WebPage.app/WebPage";
			};
			name = Debug;
		};
		18FED38221C37F00005B85F3 /* Release */ = {
			isa = XCBuildConfiguration;
			buildSettings = {
				ALWAYS_EMBED_SWIFT_STANDARD_LIBRARIES = YES;
				BUNDLE_LOADER = "$(TEST_HOST)";
				CODE_SIGN_STYLE = Automatic;
				DEVELOPMENT_TEAM = KFR6RWC37Z;
				INFOPLIST_FILE = WebPageTests/Info.plist;
				LD_RUNPATH_SEARCH_PATHS = (
					"$(inherited)",
					"@executable_path/Frameworks",
					"@loader_path/Frameworks",
				);
				PRODUCT_BUNDLE_IDENTIFIER = Seraphic.WebPageTests;
				PRODUCT_NAME = "$(TARGET_NAME)";
				SWIFT_VERSION = 4.2;
				TARGETED_DEVICE_FAMILY = "1,2";
				TEST_HOST = "$(BUILT_PRODUCTS_DIR)/WebPage.app/WebPage";
			};
			name = Release;
		};
		18FED38421C37F00005B85F3 /* Debug */ = {
			isa = XCBuildConfiguration;
			buildSettings = {
				ALWAYS_EMBED_SWIFT_STANDARD_LIBRARIES = YES;
				CODE_SIGN_STYLE = Automatic;
				DEVELOPMENT_TEAM = KFR6RWC37Z;
				INFOPLIST_FILE = WebPageUITests/Info.plist;
				LD_RUNPATH_SEARCH_PATHS = (
					"$(inherited)",
					"@executable_path/Frameworks",
					"@loader_path/Frameworks",
				);
				PRODUCT_BUNDLE_IDENTIFIER = Seraphic.WebPageUITests;
				PRODUCT_NAME = "$(TARGET_NAME)";
				SWIFT_VERSION = 4.2;
				TARGETED_DEVICE_FAMILY = "1,2";
				TEST_TARGET_NAME = WebPage;
			};
			name = Debug;
		};
		18FED38521C37F00005B85F3 /* Release */ = {
			isa = XCBuildConfiguration;
			buildSettings = {
				ALWAYS_EMBED_SWIFT_STANDARD_LIBRARIES = YES;
				CODE_SIGN_STYLE = Automatic;
				DEVELOPMENT_TEAM = KFR6RWC37Z;
				INFOPLIST_FILE = WebPageUITests/Info.plist;
				LD_RUNPATH_SEARCH_PATHS = (
					"$(inherited)",
					"@executable_path/Frameworks",
					"@loader_path/Frameworks",
				);
				PRODUCT_BUNDLE_IDENTIFIER = Seraphic.WebPageUITests;
				PRODUCT_NAME = "$(TARGET_NAME)";
				SWIFT_VERSION = 4.2;
				TARGETED_DEVICE_FAMILY = "1,2";
				TEST_TARGET_NAME = WebPage;
			};
			name = Release;
		};
/* End XCBuildConfiguration section */

/* Begin XCConfigurationList section */
		18FED35021C37EFE005B85F3 /* Build configuration list for PBXProject "WebPage" */ = {
			isa = XCConfigurationList;
			buildConfigurations = (
				18FED37B21C37F00005B85F3 /* Debug */,
				18FED37C21C37F00005B85F3 /* Release */,
			);
			defaultConfigurationIsVisible = 0;
			defaultConfigurationName = Release;
		};
		18FED37D21C37F00005B85F3 /* Build configuration list for PBXNativeTarget "WebPage" */ = {
			isa = XCConfigurationList;
			buildConfigurations = (
				18FED37E21C37F00005B85F3 /* Debug */,
				18FED37F21C37F00005B85F3 /* Release */,
			);
			defaultConfigurationIsVisible = 0;
			defaultConfigurationName = Release;
		};
		18FED38021C37F00005B85F3 /* Build configuration list for PBXNativeTarget "WebPageTests" */ = {
			isa = XCConfigurationList;
			buildConfigurations = (
				18FED38121C37F00005B85F3 /* Debug */,
				18FED38221C37F00005B85F3 /* Release */,
			);
			defaultConfigurationIsVisible = 0;
			defaultConfigurationName = Release;
		};
		18FED38321C37F00005B85F3 /* Build configuration list for PBXNativeTarget "WebPageUITests" */ = {
			isa = XCConfigurationList;
			buildConfigurations = (
				18FED38421C37F00005B85F3 /* Debug */,
				18FED38521C37F00005B85F3 /* Release */,
			);
			defaultConfigurationIsVisible = 0;
			defaultConfigurationName = Release;
		};
/* End XCConfigurationList section */
	};
	rootObject = 18FED34D21C37EFE005B85F3 /* Project object */;
}
